
Microsoft Visual Studio Solution File, Format Version 12.00
# Visual Studio Version 17
VisualStudioVersion = 17.4.33110.190
MinimumVisualStudioVersion = 10.0.40219.1
Project("{FAE04EC0-301F-11D3-BF4B-00C04F79EFBC}") = "CheckBox", "CheckBox.csproj", "{2A2321A1-4434-43B8-A080-1FA1F43D60AE}"
EndProject
Global
	GlobalSection(SolutionConfigurationPlatforms) = preSolution
		Debug|Any CPU = Debug|Any CPU
		Release|Any CPU = Release|Any CPU
	EndGlobalSection
	GlobalSection(ProjectConfigurationPlatforms) = postSolution
		{2A2321A1-4434-43B8-A080-1FA1F43D60AE}.Debug|Any CPU.ActiveCfg = Debug|Any CPU
		{2A2321A1-4434-43B8-A080-1FA1F43D60AE}.Debug|Any CPU.Build.0 = Debug|Any CPU
		{2A2321A1-4434-43B8-A080-1FA1F43D60AE}.Release|Any CPU.ActiveCfg = Release|Any CPU
		{2A2321A1-4434-43B8-A080-1FA1F43D60AE}.Release|Any CPU.Build.0 = Release|Any CPU
	EndGlobalSection
	GlobalSection(SolutionProperties) = preSolution
		HideSolutionNode = FALSE
	EndGlobalSection
	GlobalSection(ExtensibilityGlobals) = postSolution
		SolutionGuid = {C522B9D2-2945-4C9C-AE06-14701F55CEAC}
	EndGlobalSection
EndGlobal
